
Microsoft Visual Studio Solution File, Format Version 12.00
# Visual Studio Version 17
VisualStudioVersion = 17.14.36408.4 d17.14
MinimumVisualStudioVersion = 10.0.40219.1
Project("{FAE04EC0-301F-11D3-BF4B-00C04F79EFBC}") = "BE", "BE\BE.csproj", "{BDD01CCF-E449-4A52-B1EB-06827581494B}"
EndProject
Project("{FAE04EC0-301F-11D3-BF4B-00C04F79EFBC}") = "BLL", "BLL\BLL.csproj", "{11484805-880A-4FEA-A30C-28046564B492}"
EndProject
Project("{FAE04EC0-301F-11D3-BF4B-00C04F79EFBC}") = "DAL", "DAL\DAL.csproj", "{6224B3A8-8BC1-45BD-8117-6E75D0649BA8}"
EndProject
Project("{FAE04EC0-301F-11D3-BF4B-00C04F79EFBC}") = "WindowsFormsApp1", "WindowsFormsApp1\WindowsFormsApp1.csproj", "{DECE04F5-BFD6-433B-93A3-7B397179B175}"
EndProject
Global
	GlobalSection(SolutionConfigurationPlatforms) = preSolution
		Debug|Any CPU = Debug|Any CPU
		Release|Any CPU = Release|Any CPU
	EndGlobalSection
	GlobalSection(ProjectConfigurationPlatforms) = postSolution
		{BDD01CCF-E449-4A52-B1EB-06827581494B}.Debug|Any CPU.ActiveCfg = Debug|Any CPU
		{BDD01CCF-E449-4A52-B1EB-06827581494B}.Debug|Any CPU.Build.0 = Debug|Any CPU
		{BDD01CCF-E449-4A52-B1EB-06827581494B}.Release|Any CPU.ActiveCfg = Release|Any CPU
		{BDD01CCF-E449-4A52-B1EB-06827581494B}.Release|Any CPU.Build.0 = Release|Any CPU
		{11484805-880A-4FEA-A30C-28046564B492}.Debug|Any CPU.ActiveCfg = Debug|Any CPU
		{11484805-880A-4FEA-A30C-28046564B492}.Debug|Any CPU.Build.0 = Debug|Any CPU
		{11484805-880A-4FEA-A30C-28046564B492}.Release|Any CPU.ActiveCfg = Release|Any CPU
		{11484805-880A-4FEA-A30C-28046564B492}.Release|Any CPU.Build.0 = Release|Any CPU
		{6224B3A8-8BC1-45BD-8117-6E75D0649BA8}.Debug|Any CPU.ActiveCfg = Debug|Any CPU
		{6224B3A8-8BC1-45BD-8117-6E75D0649BA8}.Debug|Any CPU.Build.0 = Debug|Any CPU
		{6224B3A8-8BC1-45BD-8117-6E75D0649BA8}.Release|Any CPU.ActiveCfg = Release|Any CPU
		{6224B3A8-8BC1-45BD-8117-6E75D0649BA8}.Release|Any CPU.Build.0 = Release|Any CPU
		{DECE04F5-BFD6-433B-93A3-7B397179B175}.Debug|Any CPU.ActiveCfg = Debug|Any CPU
		{DECE04F5-BFD6-433B-93A3-7B397179B175}.Debug|Any CPU.Build.0 = Debug|Any CPU
		{DECE04F5-BFD6-433B-93A3-7B397179B175}.Release|Any CPU.ActiveCfg = Release|Any CPU
		{DECE04F5-BFD6-433B-93A3-7B397179B175}.Release|Any CPU.Build.0 = Release|Any CPU
	EndGlobalSection
	GlobalSection(SolutionProperties) = preSolution
		HideSolutionNode = FALSE
	EndGlobalSection
	GlobalSection(ExtensibilityGlobals) = postSolution
		SolutionGuid = {AA40378C-54CF-4FA4-AB2C-BA42C0499F2D}
	EndGlobalSection
EndGlobal
